{
  "name": "meituan-bridge",
  "version": "1.0.0",
  "lockfileVersion": 3,
  "requires": true,
  "packages": {
    "": {
      "name": "meituan-bridge",
      "version": "1.0.0",
      "dependencies": {
        "typebox": "^1.1.38"
      },
      "peerDependencies": {
        "openclaw": ">=2026.5.17"
      }
    },
    "node_modules/agent-base": {
      "version": "7.1.4",
      "resolved": "https://registry.npmmirror.com/agent-base/-/agent-base-7.1.4.tgz",
      "integrity": "sha512-MnA+YT8fwfJPgBx3m60MNqakm30XOkyIoH1y6huTQvC0PwZG7ki8NacLBcrPbNoo8vEZy7Jpuk7+jMO+CUovTQ==",
      "license": "MIT",
      "peer": true,
      "engines": {
        "node": ">= 14"
      }
    },
    "node_modules/bn.js": {
      "version": "4.12.3",
      "resolved": "https://registry.npmmirror.com/bn.js/-/bn.js-4.12.3.tgz",
      "integrity": "sha512-fGTi3gxV/23FTYdAoUtLYp6qySe2KE3teyZitipKNRuVYcBkoP/bB3guXN/XVKUe9mxCHXnc9C4ocyz8OmgN0g==",
      "license": "MIT",
      "peer": true
    },
    "node_modules/buffer-equal-constant-time": {
      "version": "1.0.1",
      "resolved": "https://registry.npmmirror.com/buffer-equal-constant-time/-/buffer-equal-constant-time-1.0.1.tgz",
      "integrity": "sha512-zRpUiDwd/xk6ADqPMATG8vc9VPrkck7T07OIx0gnjmJAnHnTVXNQG3vfvWNuiZIkwu9KrKdA1iJKfsfTVxE6NA==",
      "license": "BSD-3-Clause",
      "peer": true
    },
    "node_modules/debug": {
      "version": "4.4.3",
      "resolved": "https://registry.npmmirror.com/debug/-/debug-4.4.3.tgz",
      "integrity": "sha512-RGwwWnwQvkVfavKVt22FGLw+xYSdzARwm0ru6DhTVA3umU5hZc28V3kO4stgYryrTlLpuvgI9GiijltAjNbcqA==",
      "license": "MIT",
      "peer": true,
      "dependencies": {
        "ms": "^2.1.3"
      },
      "engines": {
        "node": ">=6.0"
      },
      "peerDependenciesMeta": {
        "supports-color": {
          "optional": true
        }
      }
    },
    "node_modules/ecdsa-sig-formatter": {
      "version": "1.0.11",
      "resolved": "https://registry.npmmirror.com/ecdsa-sig-formatter/-/ecdsa-sig-formatter-1.0.11.tgz",
      "integrity": "sha512-nagl3RYrbNv6kQkeJIpt6NJZy8twLB/2vtz6yN9Z4vRKHN4/QZJIEbqohALSgwKdnksuY3k5Addp5lg8sVoVcQ==",
      "license": "Apache-2.0",
      "peer": true,
      "dependencies": {
        "safe-buffer": "^5.0.1"
      }
    },
    "node_modules/inherits": {
      "version": "2.0.4",
      "resolved": "https://registry.npmmirror.com/inherits/-/inherits-2.0.4.tgz",
      "integrity": "sha512-k/vGaX4/Yla3WzyMCvTQOXYeIHvqOKtnqBduzTHpzpQZzAskKMhZ2K+EnBiSM9zGSoIFeMpXKxa4dYeZIQqewQ==",
      "license": "ISC",
      "peer": true
    },
    "node_modules/jwa": {
      "version": "2.0.1",
      "resolved": "https://registry.npmmirror.com/jwa/-/jwa-2.0.1.tgz",
      "integrity": "sha512-hRF04fqJIP8Abbkq5NKGN0Bbr3JxlQ+qhZufXVr0DvujKy93ZCbXZMHDL4EOtodSbCWxOqR8MS1tXA5hwqCXDg==",
      "license": "MIT",
      "peer": true,
      "dependencies": {
        "buffer-equal-constant-time": "^1.0.1",
        "ecdsa-sig-formatter": "1.0.11",
        "safe-buffer": "^5.0.1"
      }
    },
    "node_modules/minimalistic-assert": {
      "version": "1.0.1",
      "resolved": "https://registry.npmmirror.com/minimalistic-assert/-/minimalistic-assert-1.0.1.tgz",
      "integrity": "sha512-UtJcAD4yEaGtjPezWuO9wC4nwUnVH/8/Im3yEHQP4b67cXlD/Qr9hdITCU1xDbSEXg2XKNaP8jsReV7vQd00/A==",
      "license": "ISC",
      "peer": true
    },
    "node_modules/ms": {
      "version": "2.1.3",
      "resolved": "https://registry.npmmirror.com/ms/-/ms-2.1.3.tgz",
      "integrity": "sha512-6FlzubTLZG3J2a/NVCAleEhjzq5oxgHyaCU9yYXvcLsvoVaHJq/s5xXI6/XXP6tz7R9xAOtHnSO/tXtF3WRTlA==",
      "license": "MIT",
      "peer": true
    },
    "node_modules/openclaw": {
      "version": "2026.6.1",
      "hasInstallScript": true,
      "license": "MIT",
      "peer": true,
      "dependencies": {
        "@agentclientprotocol/sdk": "0.22.1",
        "@anthropic-ai/sdk": "0.100.1",
        "@clack/core": "1.3.1",
        "@clack/prompts": "1.4.0",
        "@earendil-works/pi-tui": "0.78.0",
        "@google/genai": "2.7.0",
        "@grammyjs/runner": "2.0.3",
        "@grammyjs/transformer-throttler": "1.2.1",
        "@homebridge/ciao": "1.3.9",
        "@lydell/node-pty": "1.2.0-beta.12",
        "@mistralai/mistralai": "2.2.5",
        "@modelcontextprotocol/sdk": "1.29.0",
        "@mozilla/readability": "0.6.0",
        "@openclaw/fs-safe": "0.3.0",
        "@openclaw/proxyline": "0.3.3",
        "chalk": "5.6.2",
        "chokidar": "5.0.0",
        "clawpdf": "0.3.0",
        "commander": "14.0.3",
        "croner": "10.0.1",
        "cross-spawn": "7.0.6",
        "diff": "9.0.0",
        "dotenv": "17.4.2",
        "express": "5.2.1",
        "file-type": "22.0.1",
        "glob": "13.0.6",
        "grammy": "1.43.0",
        "highlight.js": "11.11.1",
        "hosted-git-info": "10.1.1",
        "ignore": "7.0.5",
        "jiti": "2.7.0",
        "json5": "2.2.3",
        "jszip": "3.10.1",
        "kysely": "0.29.2",
        "linkedom": "0.18.12",
        "minimatch": "10.2.5",
        "node-edge-tts": "1.2.10",
        "openai": "6.39.1",
        "partial-json": "0.1.7",
        "playwright-core": "1.60.0",
        "proper-lockfile": "4.1.2",
        "qrcode": "1.5.4",
        "quickjs-wasi": "3.0.0",
        "rastermill": "0.3.1",
        "tar": "7.5.15",
        "tree-sitter-bash": "0.25.1",
        "tslog": "4.10.2",
        "typebox": "1.1.39",
        "typescript": "6.0.3",
        "undici": "8.3.0",
        "web-push": "3.6.7",
        "web-tree-sitter": "0.26.9",
        "ws": "8.21.0",
        "yaml": "2.9.0",
        "zod": "4.4.3"
      },
      "bin": {
        "openclaw": "openclaw.mjs"
      },
      "engines": {
        "node": ">=22.19.0"
      },
      "optionalDependencies": {
        "sqlite-vec": "0.1.9"
      }
    },
    "node_modules/openclaw/node_modules/@agentclientprotocol/sdk": {
      "peer": true
    },
    "node_modules/openclaw/node_modules/@anthropic-ai/sdk": {
      "peer": true
    },
    "node_modules/openclaw/node_modules/@clack/core": {
      "peer": true
    },
    "node_modules/openclaw/node_modules/@clack/prompts": {
      "peer": true
    },
    "node_modules/openclaw/node_modules/@earendil-works/pi-tui": {
      "peer": true
    },
    "node_modules/openclaw/node_modules/@google/genai": {
      "peer": true
    },
    "node_modules/openclaw/node_modules/@grammyjs/runner": {
      "peer": true
    },
    "node_modules/openclaw/node_modules/@grammyjs/transformer-throttler": {
      "peer": true
    },
    "node_modules/openclaw/node_modules/@homebridge/ciao": {
      "peer": true
    },
    "node_modules/openclaw/node_modules/@lydell/node-pty": {
      "peer": true
    },
    "node_modules/openclaw/node_modules/@mistralai/mistralai": {
      "peer": true
    },
    "node_modules/openclaw/node_modules/@modelcontextprotocol/sdk": {
      "peer": true
    },
    "node_modules/openclaw/node_modules/@mozilla/readability": {
      "peer": true
    },
    "node_modules/openclaw/node_modules/@openclaw/fs-safe": {
      "peer": true
    },
    "node_modules/openclaw/node_modules/@openclaw/proxyline": {
      "peer": true
    },
    "node_modules/openclaw/node_modules/chalk": {
      "peer": true
    },
    "node_modules/openclaw/node_modules/chokidar": {
      "peer": true
    },
    "node_modules/openclaw/node_modules/clawpdf": {
      "peer": true
    },
    "node_modules/openclaw/node_modules/commander": {
      "peer": true
    },
    "node_modules/openclaw/node_modules/croner": {
      "peer": true
    },
    "node_modules/openclaw/node_modules/cross-spawn": {
      "peer": true
    },
    "node_modules/openclaw/node_modules/diff": {
      "peer": true
    },
    "node_modules/openclaw/node_modules/dotenv": {
      "peer": true
    },
    "node_modules/openclaw/node_modules/express": {
      "peer": true
    },
    "node_modules/openclaw/node_modules/file-type": {
      "peer": true
    },
    "node_modules/openclaw/node_modules/glob": {
      "peer": true
    },
    "node_modules/openclaw/node_modules/grammy": {
      "peer": true
    },
    "node_modules/openclaw/node_modules/highlight.js": {
      "peer": true
    },
    "node_modules/openclaw/node_modules/hosted-git-info": {
      "peer": true
    },
    "node_modules/openclaw/node_modules/ignore": {
      "peer": true
    },
    "node_modules/openclaw/node_modules/jiti": {
      "peer": true
    },
    "node_modules/openclaw/node_modules/json5": {
      "peer": true
    },
    "node_modules/openclaw/node_modules/jszip": {
      "peer": true
    },
    "node_modules/openclaw/node_modules/kysely": {
      "peer": true
    },
    "node_modules/openclaw/node_modules/linkedom": {
      "peer": true
    },
    "node_modules/openclaw/node_modules/minimatch": {
      "peer": true
    },
    "node_modules/openclaw/node_modules/node-edge-tts": {
      "peer": true
    },
    "node_modules/openclaw/node_modules/openai": {
      "peer": true
    },
    "node_modules/openclaw/node_modules/partial-json": {
      "peer": true
    },
    "node_modules/openclaw/node_modules/playwright-core": {
      "peer": true
    },
    "node_modules/openclaw/node_modules/proper-lockfile": {
      "peer": true
    },
    "node_modules/openclaw/node_modules/qrcode": {
      "peer": true
    },
    "node_modules/openclaw/node_modules/quickjs-wasi": {
      "peer": true
    },
    "node_modules/openclaw/node_modules/rastermill": {
      "version": "0.3.1",
      "license": "MIT",
      "peer": true,
      "dependencies": {
        "@silvia-odwyer/photon-node": "0.3.4"
      },
      "engines": {
        "node": ">=22"
      }
    },
    "node_modules/openclaw/node_modules/rastermill/node_modules/@silvia-odwyer/photon-node": {
      "version": "0.3.4",
      "resolved": "https://registry.npmmirror.com/@silvia-odwyer/photon-node/-/photon-node-0.3.4.tgz",
      "integrity": "sha512-bnly4BKB3KDTFxrUIcgCLbaeVVS8lrAkri1pEzskpmxu9MdfGQTy8b8EgcD83ywD3RPMsIulY8xJH5Awa+t9fA==",
      "license": "Apache-2.0",
      "peer": true
    },
    "node_modules/openclaw/node_modules/sqlite-vec": {
      "version": "0.1.9",
      "license": "MIT OR Apache",
      "optional": true,
      "peer": true,
      "optionalDependencies": {
        "sqlite-vec-darwin-arm64": "0.1.9",
        "sqlite-vec-darwin-x64": "0.1.9",
        "sqlite-vec-linux-arm64": "0.1.9",
        "sqlite-vec-linux-x64": "0.1.9",
        "sqlite-vec-windows-x64": "0.1.9"
      }
    },
    "node_modules/openclaw/node_modules/sqlite-vec-darwin-arm64": {
      "version": "0.1.9",
      "cpu": [
        "arm64"
      ],
      "license": "MIT OR Apache",
      "optional": true,
      "os": [
        "darwin"
      ],
      "peer": true
    },
    "node_modules/openclaw/node_modules/sqlite-vec-darwin-x64": {
      "version": "0.1.9",
      "cpu": [
        "x64"
      ],
      "license": "MIT OR Apache",
      "optional": true,
      "os": [
        "darwin"
      ],
      "peer": true
    },
    "node_modules/openclaw/node_modules/sqlite-vec-linux-arm64": {
      "version": "0.1.9",
      "cpu": [
        "arm64"
      ],
      "license": "MIT OR Apache",
      "optional": true,
      "os": [
        "linux"
      ],
      "peer": true
    },
    "node_modules/openclaw/node_modules/sqlite-vec-linux-x64": {
      "version": "0.1.9",
      "cpu": [
        "x64"
      ],
      "license": "MIT OR Apache",
      "optional": true,
      "os": [
        "linux"
      ],
      "peer": true
    },
    "node_modules/openclaw/node_modules/sqlite-vec-windows-x64": {
      "version": "0.1.9",
      "cpu": [
        "x64"
      ],
      "license": "MIT OR Apache",
      "optional": true,
      "os": [
        "win32"
      ],
      "peer": true
    },
    "node_modules/openclaw/node_modules/tar": {
      "version": "7.5.15",
      "license": "BlueOak-1.0.0",
      "peer": true,
      "dependencies": {
        "@isaacs/fs-minipass": "^4.0.0",
        "chownr": "^3.0.0",
        "minipass": "^7.1.2",
        "minizlib": "^3.1.0",
        "yallist": "^5.0.0"
      },
      "engines": {
        "node": ">=18"
      }
    },
    "node_modules/openclaw/node_modules/tar/node_modules/@isaacs/fs-minipass": {
      "version": "4.0.1",
      "resolved": "https://registry.npmmirror.com/@isaacs/fs-minipass/-/fs-minipass-4.0.1.tgz",
      "integrity": "sha512-wgm9Ehl2jpeqP3zw/7mo3kRHFp5MEDhqAdwy1fTGkHAwnkGOVsgpvQhL8B5n1qlb01jV3n/bI0ZfZp5lWA1k4w==",
      "license": "ISC",
      "peer": true,
      "dependencies": {
        "minipass": "^7.0.4"
      },
      "engines": {
        "node": ">=18.0.0"
      }
    },
    "node_modules/openclaw/node_modules/tar/node_modules/chownr": {
      "version": "3.0.0",
      "resolved": "https://registry.npmmirror.com/chownr/-/chownr-3.0.0.tgz",
      "integrity": "sha512-+IxzY9BZOQd/XuYPRmrvEVjF/nqj5kgT4kEq7VofrDoM1MxoRjEWkrCC3EtLi59TVawxTAn+orJwFQcrqEN1+g==",
      "license": "BlueOak-1.0.0",
      "peer": true,
      "engines": {
        "node": ">=18"
      }
    },
    "node_modules/openclaw/node_modules/tar/node_modules/minipass": {
      "version": "7.1.3",
      "resolved": "https://registry.npmmirror.com/minipass/-/minipass-7.1.3.tgz",
      "integrity": "sha512-tEBHqDnIoM/1rXME1zgka9g6Q2lcoCkxHLuc7ODJ5BxbP5d4c2Z5cGgtXAku59200Cx7diuHTOYfSBD8n6mm8A==",
      "license": "BlueOak-1.0.0",
      "peer": true,
      "engines": {
        "node": ">=16 || 14 >=14.17"
      }
    },
    "node_modules/openclaw/node_modules/tar/node_modules/minizlib": {
      "version": "3.1.0",
      "resolved": "https://registry.npmmirror.com/minizlib/-/minizlib-3.1.0.tgz",
      "integrity": "sha512-KZxYo1BUkWD2TVFLr0MQoM8vUUigWD3LlD83a/75BqC+4qE0Hb1Vo5v1FgcfaNXvfXzr+5EhQ6ing/CaBijTlw==",
      "license": "MIT",
      "peer": true,
      "dependencies": {
        "minipass": "^7.1.2"
      },
      "engines": {
        "node": ">= 18"
      }
    },
    "node_modules/openclaw/node_modules/tree-sitter-bash": {
      "version": "0.25.1",
      "hasInstallScript": true,
      "license": "MIT",
      "peer": true,
      "dependencies": {
        "node-addon-api": "^8.2.1",
        "node-gyp-build": "^4.8.2"
      },
      "peerDependencies": {
        "tree-sitter": "^0.25.0"
      },
      "peerDependenciesMeta": {
        "tree-sitter": {
          "optional": true
        }
      }
    },
    "node_modules/openclaw/node_modules/tree-sitter-bash/node_modules/node-addon-api": {
      "version": "8.8.0",
      "resolved": "https://registry.npmmirror.com/node-addon-api/-/node-addon-api-8.8.0.tgz",
      "integrity": "sha512-c5Ko1fZJIJmzhFIkhRN76WTq+fC6tWnGy9CXA0fA+XygsWZmEwG8vmbkNqxMyoaa0Tin4djul49NzdVcJJcjeA==",
      "license": "MIT",
      "peer": true,
      "engines": {
        "node": "^18 || ^20 || >= 21"
      }
    },
    "node_modules/openclaw/node_modules/tree-sitter-bash/node_modules/node-gyp-build": {
      "version": "4.8.4",
      "resolved": "https://registry.npmmirror.com/node-gyp-build/-/node-gyp-build-4.8.4.tgz",
      "integrity": "sha512-LA4ZjwlnUblHVgq0oBF3Jl/6h/Nvs5fzBLwdEF4nuxnFdsfajde4WfxtJr3CaiH+F6ewcIB/q4jQ4UzPyid+CQ==",
      "license": "MIT",
      "peer": true,
      "bin": {
        "node-gyp-build": "bin.js",
        "node-gyp-build-optional": "optional.js",
        "node-gyp-build-test": "build-test.js"
      }
    },
    "node_modules/openclaw/node_modules/tslog": {
      "version": "4.10.2",
      "license": "MIT",
      "peer": true,
      "engines": {
        "node": ">=16"
      },
      "funding": {
        "url": "https://github.com/fullstack-build/tslog?sponsor=1"
      }
    },
    "node_modules/openclaw/node_modules/typebox": {
      "version": "1.1.39",
      "license": "MIT",
      "peer": true
    },
    "node_modules/openclaw/node_modules/typescript": {
      "version": "6.0.3",
      "license": "Apache-2.0",
      "peer": true,
      "bin": {
        "tsc": "bin/tsc",
        "tsserver": "bin/tsserver"
      },
      "engines": {
        "node": ">=14.17"
      }
    },
    "node_modules/openclaw/node_modules/web-push": {
      "version": "3.6.7",
      "license": "MPL-2.0",
      "peer": true,
      "dependencies": {
        "asn1.js": "^5.3.0",
        "http_ece": "1.2.0",
        "https-proxy-agent": "^7.0.0",
        "jws": "^4.0.0",
        "minimist": "^1.2.5"
      },
      "bin": {
        "web-push": "src/cli.js"
      },
      "engines": {
        "node": ">= 16"
      }
    },
    "node_modules/openclaw/node_modules/web-push/node_modules/asn1.js": {
      "version": "5.4.1",
      "resolved": "https://registry.npmmirror.com/asn1.js/-/asn1.js-5.4.1.tgz",
      "integrity": "sha512-+I//4cYPccV8LdmBLiX8CYvf9Sp3vQsrqu2QNXRcrbiWvcx/UdlFiqUJJzxRQxgsZmvhXhn4cSKeSmoFjVdupA==",
      "license": "MIT",
      "peer": true,
      "dependencies": {
        "bn.js": "^4.0.0",
        "inherits": "^2.0.1",
        "minimalistic-assert": "^1.0.0",
        "safer-buffer": "^2.1.0"
      }
    },
    "node_modules/openclaw/node_modules/web-push/node_modules/http_ece": {
      "version": "1.2.0",
      "resolved": "https://registry.npmmirror.com/http_ece/-/http_ece-1.2.0.tgz",
      "integrity": "sha512-JrF8SSLVmcvc5NducxgyOrKXe3EsyHMgBFgSaIUGmArKe+rwr0uphRkRXvwiom3I+fpIfoItveHrfudL8/rxuA==",
      "license": "MIT",
      "peer": true,
      "engines": {
        "node": ">=16"
      }
    },
    "node_modules/openclaw/node_modules/web-push/node_modules/https-proxy-agent": {
      "version": "7.0.6",
      "resolved": "https://registry.npmmirror.com/https-proxy-agent/-/https-proxy-agent-7.0.6.tgz",
      "integrity": "sha512-vK9P5/iUfdl95AI+JVyUuIcVtd4ofvtrOr3HNtM2yxC9bnMbEdp3x01OhQNnjb8IJYi38VlTE3mBXwcfvywuSw==",
      "license": "MIT",
      "peer": true,
      "dependencies": {
        "agent-base": "^7.1.2",
        "debug": "4"
      },
      "engines": {
        "node": ">= 14"
      }
    },
    "node_modules/openclaw/node_modules/web-push/node_modules/jws": {
      "version": "4.0.1",
      "resolved": "https://registry.npmmirror.com/jws/-/jws-4.0.1.tgz",
      "integrity": "sha512-EKI/M/yqPncGUUh44xz0PxSidXFr/+r0pA70+gIYhjv+et7yxM+s29Y+VGDkovRofQem0fs7Uvf4+YmAdyRduA==",
      "license": "MIT",
      "peer": true,
      "dependencies": {
        "jwa": "^2.0.1",
        "safe-buffer": "^5.0.1"
      }
    },
    "node_modules/openclaw/node_modules/web-push/node_modules/minimist": {
      "version": "1.2.8",
      "resolved": "https://registry.npmmirror.com/minimist/-/minimist-1.2.8.tgz",
      "integrity": "sha512-2yyAR8qBkN3YuheJanUpWC5U3bb5osDywNB8RzDVlDwDHbocAJveqqj1u8+SVD7jkWT4yvsHCpWqqWqAxb0zCA==",
      "license": "MIT",
      "peer": true,
      "funding": {
        "url": "https://github.com/sponsors/ljharb"
      }
    },
    "node_modules/openclaw/node_modules/web-tree-sitter": {
      "version": "0.26.9",
      "license": "MIT",
      "peer": true
    },
    "node_modules/openclaw/node_modules/yaml": {
      "version": "2.9.0",
      "license": "ISC",
      "peer": true,
      "bin": {
        "yaml": "bin.mjs"
      },
      "engines": {
        "node": ">= 14.6"
      },
      "funding": {
        "url": "https://github.com/sponsors/eemeli"
      }
    },
    "node_modules/safe-buffer": {
      "version": "5.2.1",
      "resolved": "https://registry.npmmirror.com/safe-buffer/-/safe-buffer-5.2.1.tgz",
      "integrity": "sha512-rp3So07KcdmmKbGvgaNxQSJr7bGVSVk5S9Eq1F+ppbRo70+YeaDxkw5Dd8NPN+GD6bjnYm2VuPuCXmpuYvmCXQ==",
      "funding": [
        {
          "type": "github",
          "url": "https://github.com/sponsors/feross"
        },
        {
          "type": "patreon",
          "url": "https://www.patreon.com/feross"
        },
        {
          "type": "consulting",
          "url": "https://feross.org/support"
        }
      ],
      "license": "MIT",
      "peer": true
    },
    "node_modules/safer-buffer": {
      "version": "2.1.2",
      "resolved": "https://registry.npmmirror.com/safer-buffer/-/safer-buffer-2.1.2.tgz",
      "integrity": "sha512-YZo3K82SD7Riyi0E1EQPojLz7kpepnSQI9IyPbHHg1XXXevb5dJI7tpyN2ADxGcQbHG7vcyRHk0cbwqcQriUtg==",
      "license": "MIT",
      "peer": true
    },
    "node_modules/typebox": {
      "version": "1.2.1",
      "license": "MIT"
    },
    "node_modules/undici": {
      "version": "8.3.0",
      "resolved": "https://registry.npmmirror.com/undici/-/undici-8.3.0.tgz",
      "integrity": "sha512-TkUDgb6tl7KOGZ+7e8E3d2FYgUQgF6z5YypqjWmixVQSQERFcVrVg0ySADm2LVLRh5ljAaHTCR5Fmz3Q34rB7Q==",
      "license": "MIT",
      "peer": true,
      "engines": {
        "node": ">=22.19.0"
      }
    },
    "node_modules/ws": {
      "version": "8.21.0",
      "resolved": "https://registry.npmmirror.com/ws/-/ws-8.21.0.tgz",
      "integrity": "sha512-Vsp28b7DRcimFQvrqu2Wek3z1iYxDCWqHYB8Qsnk/S4RfaCQzPGPyBNuVjJV3cd6UiKtUtp6sNM77gWvzcCH+g==",
      "license": "MIT",
      "peer": true,
      "engines": {
        "node": ">=10.0.0"
      },
      "peerDependencies": {
        "bufferutil": "^4.0.1",
        "utf-8-validate": ">=5.0.2"
      },
      "peerDependenciesMeta": {
        "bufferutil": {
          "optional": true
        },
        "utf-8-validate": {
          "optional": true
        }
      }
    },
    "node_modules/yallist": {
      "version": "5.0.0",
      "resolved": "https://registry.npmmirror.com/yallist/-/yallist-5.0.0.tgz",
      "integrity": "sha512-YgvUTfwqyc7UXVMrB+SImsVYSmTS8X/tSrtdNZMImM+n7+QTriRXyXim0mBrTXNeqzVF0KWGgHPeiyViFFrNDw==",
      "license": "BlueOak-1.0.0",
      "peer": true,
      "engines": {
        "node": ">=18"
      }
    },
    "node_modules/zod": {
      "version": "4.4.3",
      "resolved": "https://registry.npmmirror.com/zod/-/zod-4.4.3.tgz",
      "integrity": "sha512-ytENFjIJFl2UwYglde2jchW2Hwm4GJFLDiSXWdTrJQBIN9Fcyp7n4DhxJEiWNAJMV1/BqWfW/kkg71UDcHJyTQ==",
      "license": "MIT",
      "peer": true,
      "funding": {
        "url": "https://github.com/sponsors/colinhacks"
      }
    }
  }
}
